<Solution>
  <Folder Name="/docs/">
    <File Path="docs/Architecture.md" />
    <File Path="docs/CodingStandards.md" />
    <File Path="docs/Files.md" />
    <File Path="docs/Progress.md" />
  </Folder>
  <Folder Name="/Solution Items/">
    <File Path=".gitignore" />
    <File Path="README.md" />
  </Folder>
  <Folder Name="/src/">
    <Project Path="src/HotelManagement.API/HotelManagement.API.csproj" />
    <Project Path="src/HotelManagement.Application/HotelManagement.Application.csproj" />
    <Project Path="src/HotelManagement.Domain/HotelManagement.Domain.csproj" />
    <Project Path="src/HotelManagement.Infrastructure/HotelManagement.Infrastructure.csproj" />
  </Folder>
  <Folder Name="/tests/">
    <Project Path="tests/HotelManagement.API.Tests/HotelManagement.API.Tests.csproj" />
    <Project Path="tests/HotelManagement.Application.Tests/HotelManagement.Application.Tests.csproj" />
    <Project Path="tests/HotelManagement.Domain.Tests/HotelManagement.Domain.Tests.csproj" />
    <Project Path="tests/HotelManagement.Infrastructure.Tests/HotelManagement.Infrastructure.Tests.csproj" />
  </Folder>
</Solution>
